
Microsoft Visual Studio Solution File, Format Version 12.00
# Visual Studio Version 17
VisualStudioVersion = 17.9.34622.214
MinimumVisualStudioVersion = 10.0.40219.1
Project("{FAE04EC0-301F-11D3-BF4B-00C04F79EFBC}") = "18.03.24", "18.03.24\18.03.24.csproj", "{9F88E4AF-C607-430F-87B0-FF7D35DA741F}"
EndProject
Project("{FAE04EC0-301F-11D3-BF4B-00C04F79EFBC}") = "1", "1\1.csproj", "{722A15E0-7AFA-4E11-89AA-8DCE5C41B550}"
EndProject
Global
	GlobalSection(SolutionConfigurationPlatforms) = preSolution
		Debug|Any CPU = Debug|Any CPU
		Release|Any CPU = Release|Any CPU
	EndGlobalSection
	GlobalSection(ProjectConfigurationPlatforms) = postSolution
		{9F88E4AF-C607-430F-87B0-FF7D35DA741F}.Debug|Any CPU.ActiveCfg = Debug|Any CPU
		{9F88E4AF-C607-430F-87B0-FF7D35DA741F}.Debug|Any CPU.Build.0 = Debug|Any CPU
		{9F88E4AF-C607-430F-87B0-FF7D35DA741F}.Release|Any CPU.ActiveCfg = Release|Any CPU
		{9F88E4AF-C607-430F-87B0-FF7D35DA741F}.Release|Any CPU.Build.0 = Release|Any CPU
		{722A15E0-7AFA-4E11-89AA-8DCE5C41B550}.Debug|Any CPU.ActiveCfg = Debug|Any CPU
		{722A15E0-7AFA-4E11-89AA-8DCE5C41B550}.Debug|Any CPU.Build.0 = Debug|Any CPU
		{722A15E0-7AFA-4E11-89AA-8DCE5C41B550}.Release|Any CPU.ActiveCfg = Release|Any CPU
		{722A15E0-7AFA-4E11-89AA-8DCE5C41B550}.Release|Any CPU.Build.0 = Release|Any CPU
	EndGlobalSection
	GlobalSection(SolutionProperties) = preSolution
		HideSolutionNode = FALSE
	EndGlobalSection
	GlobalSection(ExtensibilityGlobals) = postSolution
		SolutionGuid = {1915D868-6BC2-4A6B-BD6E-0A716BB96B36}
	EndGlobalSection
EndGlobal
