
Microsoft Visual Studio Solution File, Format Version 12.00
# Visual Studio Version 17
VisualStudioVersion = 17.9.34622.214
MinimumVisualStudioVersion = 10.0.40219.1
Project("{FAE04EC0-301F-11D3-BF4B-00C04F79EFBC}") = "22.03.24", "22.03.24\22.03.24.csproj", "{F239ED74-07DB-46F7-9B29-4CB11F2A6DA7}"
EndProject
Global
	GlobalSection(SolutionConfigurationPlatforms) = preSolution
		Debug|Any CPU = Debug|Any CPU
		Release|Any CPU = Release|Any CPU
	EndGlobalSection
	GlobalSection(ProjectConfigurationPlatforms) = postSolution
		{F239ED74-07DB-46F7-9B29-4CB11F2A6DA7}.Debug|Any CPU.ActiveCfg = Debug|Any CPU
		{F239ED74-07DB-46F7-9B29-4CB11F2A6DA7}.Debug|Any CPU.Build.0 = Debug|Any CPU
		{F239ED74-07DB-46F7-9B29-4CB11F2A6DA7}.Release|Any CPU.ActiveCfg = Release|Any CPU
		{F239ED74-07DB-46F7-9B29-4CB11F2A6DA7}.Release|Any CPU.Build.0 = Release|Any CPU
	EndGlobalSection
	GlobalSection(SolutionProperties) = preSolution
		HideSolutionNode = FALSE
	EndGlobalSection
	GlobalSection(ExtensibilityGlobals) = postSolution
		SolutionGuid = {A016FBCA-D91C-4383-BECF-EEBE4B28CBCA}
	EndGlobalSection
EndGlobal
